// !$*UTF8*$!
{
	archiveVersion = 1;
	classes = {
	};
	objectVersion = 46;
	objects = {

/* Begin PBXBuildFile section */
		01FD44B0180FC41400658E68 /* Foundation.framework in Frameworks */ = {isa = PBXBuildFile; fileRef = 01FD44AF180FC41400658E68 /* Foundation.framework */; };
		01FD44B2180FC41400658E68 /* CoreGraphics.framework in Frameworks */ = {isa = PBXBuildFile; fileRef = 01FD44B1180FC41400658E68 /* CoreGraphics.framework */; };
		01FD44B4180FC41400658E68 /* UIKit.framework in Frameworks */ = {isa = PBXBuildFile; fileRef = 01FD44B3180FC41400658E68 /* UIKit.framework */; };
		01FD44BA180FC41400658E68 /* InfoPlist.strings in Resources */ = {isa = PBXBuildFile; fileRef = 01FD44B8180FC41400658E68 /* InfoPlist.strings */; };
		01FD44BC180FC41400658E68 /* main.m in Sources */ = {isa = PBXBuildFile; fileRef = 01FD44BB180FC41400658E68 /* main.m */; };
		01FD44C0180FC41400658E68 /* NWAppDelegate.m in Sources */ = {isa = PBXBuildFile; fileRef = 01FD44BF180FC41400658E68 /* NWAppDelegate.m */; };
		01FD44C3180FC41400658E68 /* Main.storyboard in Resources */ = {isa = PBXBuildFile; fileRef = 01FD44C1180FC41400658E68 /* Main.storyboard */; };
		01FD44C6180FC41400658E68 /* NWViewController.m in Sources */ = {isa = PBXBuildFile; fileRef = 01FD44C5180FC41400658E68 /* NWViewController.m */; };
		01FD44C8180FC41400658E68 /* Images.xcassets in Resources */ = {isa = PBXBuildFile; fileRef = 01FD44C7180FC41400658E68 /* Images.xcassets */; };
		01FD44CF180FC41400658E68 /* XCTest.framework in Frameworks */ = {isa = PBXBuildFile; fileRef = 01FD44CE180FC41400658E68 /* XCTest.framework */; };
		01FD44D0180FC41400658E68 /* Foundation.framework in Frameworks */ = {isa = PBXBuildFile; fileRef = 01FD44AF180FC41400658E68 /* Foundation.framework */; };
		01FD44D1180FC41400658E68 /* UIKit.framework in Frameworks */ = {isa = PBXBuildFile; fileRef = 01FD44B3180FC41400658E68 /* UIKit.framework */; };
		01FD44D9180FC41400658E68 /* InfoPlist.strings in Resources */ = {isa = PBXBuildFile; fileRef = 01FD44D7180FC41400658E68 /* InfoPlist.strings */; };
		01FD44DB180FC41400658E68 /* Normal_CalculatorTests.m in Sources */ = {isa = PBXBuildFile; fileRef = 01FD44DA180FC41400658E68 /* Normal_CalculatorTests.m */; };
		01FD44E6180FC78200658E68 /* NWCalculator.m in Sources */ = {isa = PBXBuildFile; fileRef = 01FD44E5180FC78200658E68 /* NWCalculator.m */; };
/* End PBXBuildFile section */

/* Begin PBXContainerItemProxy section */
		01FD44D2180FC41400658E68 /* PBXContainerItemProxy */ = {
			isa = PBXContainerItemProxy;
			containerPortal = 01FD44A4180FC41300658E68 /* Project object */;
			proxyType = 1;
			remoteGlobalIDString = 01FD44AB180FC41400658E68;
			remoteInfo = Normal_Calculator;
		};
/* End PBXContainerItemProxy section */

/* Begin PBXFileReference section */
		01FD44AC180FC41400658E68 /* Normal_Calculator.app */ = {isa = PBXFileReference; explicitFileType = wrapper.application; includeInIndex = 0; path = Normal_Calculator.app; sourceTree = BUILT_PRODUCTS_DIR; };
		01FD44AF180FC41400658E68 /* Foundation.framework */ = {isa = PBXFileReference; lastKnownFileType = wrapper.framework; name = Foundation.framework; path = System/Library/Frameworks/Foundation.framework; sourceTree = SDKROOT; };
		01FD44B1180FC41400658E68 /* CoreGraphics.framework */ = {isa = PBXFileReference; lastKnownFileType = wrapper.framework; name = CoreGraphics.framework; path = System/Library/Frameworks/CoreGraphics.framework; sourceTree = SDKROOT; };
		01FD44B3180FC41400658E68 /* UIKit.framework */ = {isa = PBXFileReference; lastKnownFileType = wrapper.framework; name = UIKit.framework; path = System/Library/Frameworks/UIKit.framework; sourceTree = SDKROOT; };
		01FD44B7180FC41400658E68 /* Normal_Calculator-Info.plist */ = {isa = PBXFileReference; lastKnownFileType = text.plist.xml; path = "Normal_Calculator-Info.plist"; sourceTree = "<group>"; };
		01FD44B9180FC41400658E68 /* en */ = {isa = PBXFileReference; lastKnownFileType = text.plist.strings; name = en; path = en.lproj/InfoPlist.strings; sourceTree = "<group>"; };
		01FD44BB180FC41400658E68 /* main.m */ = {isa = PBXFileReference; lastKnownFileType = sourcecode.c.objc; path = main.m; sourceTree = "<group>"; };
		01FD44BD180FC41400658E68 /* Normal_Calculator-Prefix.pch */ = {isa = PBXFileReference; lastKnownFileType = sourcecode.c.h; path = "Normal_Calculator-Prefix.pch"; sourceTree = "<group>"; };
		01FD44BE180FC41400658E68 /* NWAppDelegate.h */ = {isa = PBXFileReference; lastKnownFileType = sourcecode.c.h; path = NWAppDelegate.h; sourceTree = "<group>"; };
		01FD44BF180FC41400658E68 /* NWAppDelegate.m */ = {isa = PBXFileReference; lastKnownFileType = sourcecode.c.objc; path = NWAppDelegate.m; sourceTree = "<group>"; };
		01FD44C2180FC41400658E68 /* Base */ = {isa = PBXFileReference; lastKnownFileType = file.storyboard; name = Base; path = Base.lproj/Main.storyboard; sourceTree = "<group>"; };
		01FD44C4180FC41400658E68 /* NWViewController.h */ = {isa = PBXFileReference; lastKnownFileType = sourcecode.c.h; path = NWViewController.h; sourceTree = "<group>"; };
		01FD44C5180FC41400658E68 /* NWViewController.m */ = {isa = PBXFileReference; lastKnownFileType = sourcecode.c.objc; path = NWViewController.m; sourceTree = "<group>"; };
		01FD44C7180FC41400658E68 /* Images.xcassets */ = {isa = PBXFileReference; lastKnownFileType = folder.assetcatalog; path = Images.xcassets; sourceTree = "<group>"; };
		01FD44CD180FC41400658E68 /* Normal_CalculatorTests.xctest */ = {isa = PBXFileReference; explicitFileType = wrapper.cfbundle; includeInIndex = 0; path = Normal_CalculatorTests.xctest; sourceTree = BUILT_PRODUCTS_DIR; };
		01FD44CE180FC41400658E68 /* XCTest.framework */ = {isa = PBXFileReference; lastKnownFileType = wrapper.framework; name = XCTest.framework; path = Library/Frameworks/XCTest.framework; sourceTree = DEVELOPER_DIR; };
		01FD44D6180FC41400658E68 /* Normal_CalculatorTests-Info.plist */ = {isa = PBXFileReference; lastKnownFileType = text.plist.xml; path = "Normal_CalculatorTests-Info.plist"; sourceTree = "<group>"; };
		01FD44D8180FC41400658E68 /* en */ = {isa = PBXFileReference; lastKnownFileType = text.plist.strings; name = en; path = en.lproj/InfoPlist.strings; sourceTree = "<group>"; };
		01FD44DA180FC41400658E68 /* Normal_CalculatorTests.m */ = {isa = PBXFileReference; lastKnownFileType = sourcecode.c.objc; path = Normal_CalculatorTests.m; sourceTree = "<group>"; };
		01FD44E4180FC78200658E68 /* NWCalculator.h */ = {isa = PBXFileReference; fileEncoding = 4; lastKnownFileType = sourcecode.c.h; path = NWCalculator.h; sourceTree = "<group>"; };
		01FD44E5180FC78200658E68 /* NWCalculator.m */ = {isa = PBXFileReference; fileEncoding = 4; lastKnownFileType = sourcecode.c.objc; path = NWCalculator.m; sourceTree = "<group>"; };
/* End PBXFileReference section */

/* Begin PBXFrameworksBuildPhase section */
		01FD44A9180FC41400658E68 /* Frameworks */ = {
			isa = PBXFrameworksBuildPhase;
			buildActionMask = 2147483647;
			files = (
				01FD44B2180FC41400658E68 /* CoreGraphics.framework in Frameworks */,
				01FD44B4180FC41400658E68 /* UIKit.framework in Frameworks */,
				01FD44B0180FC41400658E68 /* Foundation.framework in Frameworks */,
			);
			runOnlyForDeploymentPostprocessing = 0;
		};
		01FD44CA180FC41400658E68 /* Frameworks */ = {
			isa = PBXFrameworksBuildPhase;
			buildActionMask = 2147483647;
			files = (
				01FD44CF180FC41400658E68 /* XCTest.framework in Frameworks */,
				01FD44D1180FC41400658E68 /* UIKit.framework in Frameworks */,
				01FD44D0180FC41400658E68 /* Foundation.framework in Frameworks */,
			);
			runOnlyForDeploymentPostprocessing = 0;
		};
/* End PBXFrameworksBuildPhase section */

/* Begin PBXGroup section */
		01FD44A3180FC41300658E68 = {
			isa = PBXGroup;
			children = (
				01FD44B5180FC41400658E68 /* Normal_Calculator */,
				01FD44D4180FC41400658E68 /* Normal_CalculatorTests */,
				01FD44AE180FC41400658E68 /* Frameworks */,
				01FD44AD180FC41400658E68 /* Products */,
			);
			sourceTree = "<group>";
		};
		01FD44AD180FC41400658E68 /* Products */ = {
			isa = PBXGroup;
			children = (
				01FD44AC180FC41400658E68 /* Normal_Calculator.app */,
				01FD44CD180FC41400658E68 /* Normal_CalculatorTests.xctest */,
			);
			name = Products;
			sourceTree = "<group>";
		};
		01FD44AE180FC41400658E68 /* Frameworks */ = {
			isa = PBXGroup;
			children = (
				01FD44AF180FC41400658E68 /* Foundation.framework */,
				01FD44B1180FC41400658E68 /* CoreGraphics.framework */,
				01FD44B3180FC41400658E68 /* UIKit.framework */,
				01FD44CE180FC41400658E68 /* XCTest.framework */,
			);
			name = Frameworks;
			sourceTree = "<group>";
		};
		01FD44B5180FC41400658E68 /* Normal_Calculator */ = {
			isa = PBXGroup;
			children = (
				01FD44BE180FC41400658E68 /* NWAppDelegate.h */,
				01FD44BF180FC41400658E68 /* NWAppDelegate.m */,
				01FD44C1180FC41400658E68 /* Main.storyboard */,
				01FD44C4180FC41400658E68 /* NWViewController.h */,
				01FD44C5180FC41400658E68 /* NWViewController.m */,
				01FD44E7180FC79D00658E68 /* Model */,
				01FD44C7180FC41400658E68 /* Images.xcassets */,
				01FD44B6180FC41400658E68 /* Supporting Files */,
			);
			path = Normal_Calculator;
			sourceTree = "<group>";
		};
		01FD44B6180FC41400658E68 /* Supporting Files */ = {
			isa = PBXGroup;
			children = (
				01FD44B7180FC41400658E68 /* Normal_Calculator-Info.plist */,
				01FD44B8180FC41400658E68 /* InfoPlist.strings */,
				01FD44BB180FC41400658E68 /* main.m */,
				01FD44BD180FC41400658E68 /* Normal_Calculator-Prefix.pch */,
			);
			name = "Supporting Files";
			sourceTree = "<group>";
		};
		01FD44D4180FC41400658E68 /* Normal_CalculatorTests */ = {
			isa = PBXGroup;
			children = (
				01FD44DA180FC41400658E68 /* Normal_CalculatorTests.m */,
				01FD44D5180FC41400658E68 /* Supporting Files */,
			);
			path = Normal_CalculatorTests;
			sourceTree = "<group>";
		};
		01FD44D5180FC41400658E68 /* Supporting Files */ = {
			isa = PBXGroup;
			children = (
				01FD44D6180FC41400658E68 /* Normal_CalculatorTests-Info.plist */,
				01FD44D7180FC41400658E68 /* InfoPlist.strings */,
			);
			name = "Supporting Files";
			sourceTree = "<group>";
		};
		01FD44E7180FC79D00658E68 /* Model */ = {
			isa = PBXGroup;
			children = (
				01FD44E4180FC78200658E68 /* NWCalculator.h */,
				01FD44E5180FC78200658E68 /* NWCalculator.m */,
			);
			name = Model;
			sourceTree = "<group>";
		};
/* End PBXGroup section */

/* Begin PBXNativeTarget section */
		01FD44AB180FC41400658E68 /* Normal_Calculator */ = {
			isa = PBXNativeTarget;
			buildConfigurationList = 01FD44DE180FC41400658E68 /* Build configuration list for PBXNativeTarget "Normal_Calculator" */;
			buildPhases = (
				01FD44A8180FC41400658E68 /* Sources */,
				01FD44A9180FC41400658E68 /* Frameworks */,
				01FD44AA180FC41400658E68 /* Resources */,
			);
			buildRules = (
			);
			dependencies = (
			);
			name = Normal_Calculator;
			productName = Normal_Calculator;
			productReference = 01FD44AC180FC41400658E68 /* Normal_Calculator.app */;
			productType = "com.apple.product-type.application";
		};
		01FD44CC180FC41400658E68 /* Normal_CalculatorTests */ = {
			isa = PBXNativeTarget;
			buildConfigurationList = 01FD44E1180FC41400658E68 /* Build configuration list for PBXNativeTarget "Normal_CalculatorTests" */;
			buildPhases = (
				01FD44C9180FC41400658E68 /* Sources */,
				01FD44CA180FC41400658E68 /* Frameworks */,
				01FD44CB180FC41400658E68 /* Resources */,
			);
			buildRules = (
			);
			dependencies = (
				01FD44D3180FC41400658E68 /* PBXTargetDependency */,
			);
			name = Normal_CalculatorTests;
			productName = Normal_CalculatorTests;
			productReference = 01FD44CD180FC41400658E68 /* Normal_CalculatorTests.xctest */;
			productType = "com.apple.product-type.bundle.unit-test";
		};
/* End PBXNativeTarget section */

/* Begin PBXProject section */
		01FD44A4180FC41300658E68 /* Project object */ = {
			isa = PBXProject;
			attributes = {
				CLASSPREFIX = NW;
				LastUpgradeCheck = 0500;
				ORGANIZATIONNAME = "Nicholas Wargnier";
				TargetAttributes = {
					01FD44CC180FC41400658E68 = {
						TestTargetID = 01FD44AB180FC41400658E68;
					};
				};
			};
			buildConfigurationList = 01FD44A7180FC41300658E68 /* Build configuration list for PBXProject "Normal_Calculator" */;
			compatibilityVersion = "Xcode 3.2";
			developmentRegion = English;
			hasScannedForEncodings = 0;
			knownRegions = (
				en,
				Base,
			);
			mainGroup = 01FD44A3180FC41300658E68;
			productRefGroup = 01FD44AD180FC41400658E68 /* Products */;
			projectDirPath = "";
			projectRoot = "";
			targets = (
				01FD44AB180FC41400658E68 /* Normal_Calculator */,
				01FD44CC180FC41400658E68 /* Normal_CalculatorTests */,
			);
		};
/* End PBXProject section */

/* Begin PBXResourcesBuildPhase section */
		01FD44AA180FC41400658E68 /* Resources */ = {
			isa = PBXResourcesBuildPhase;
			buildActionMask = 2147483647;
			files = (
				01FD44C8180FC41400658E68 /* Images.xcassets in Resources */,
				01FD44BA180FC41400658E68 /* InfoPlist.strings in Resources */,
				01FD44C3180FC41400658E68 /* Main.storyboard in Resources */,
			);
			runOnlyForDeploymentPostprocessing = 0;
		};
		01FD44CB180FC41400658E68 /* Resources */ = {
			isa = PBXResourcesBuildPhase;
			buildActionMask = 2147483647;
			files = (
				01FD44D9180FC41400658E68 /* InfoPlist.strings in Resources */,
			);
			runOnlyForDeploymentPostprocessing = 0;
		};
/* End PBXResourcesBuildPhase section */

/* Begin PBXSourcesBuildPhase section */
		01FD44A8180FC41400658E68 /* Sources */ = {
			isa = PBXSourcesBuildPhase;
			buildActionMask = 2147483647;
			files = (
				01FD44E6180FC78200658E68 /* NWCalculator.m in Sources */,
				01FD44C6180FC41400658E68 /* NWViewController.m in Sources */,
				01FD44BC180FC41400658E68 /* main.m in Sources */,
				01FD44C0180FC41400658E68 /* NWAppDelegate.m in Sources */,
			);
			runOnlyForDeploymentPostprocessing = 0;
		};
		01FD44C9180FC41400658E68 /* Sources */ = {
			isa = PBXSourcesBuildPhase;
			buildActionMask = 2147483647;
			files = (
				01FD44DB180FC41400658E68 /* Normal_CalculatorTests.m in Sources */,
			);
			runOnlyForDeploymentPostprocessing = 0;
		};
/* End PBXSourcesBuildPhase section */

/* Begin PBXTargetDependency section */
		01FD44D3180FC41400658E68 /* PBXTargetDependency */ = {
			isa = PBXTargetDependency;
			target = 01FD44AB180FC41400658E68 /* Normal_Calculator */;
			targetProxy = 01FD44D2180FC41400658E68 /* PBXContainerItemProxy */;
		};
/* End PBXTargetDependency section */

/* Begin PBXVariantGroup section */
		01FD44B8180FC41400658E68 /* InfoPlist.strings */ = {
			isa = PBXVariantGroup;
			children = (
				01FD44B9180FC41400658E68 /* en */,
			);
			name = InfoPlist.strings;
			sourceTree = "<group>";
		};
		01FD44C1180FC41400658E68 /* Main.storyboard */ = {
			isa = PBXVariantGroup;
			children = (
				01FD44C2180FC41400658E68 /* Base */,
			);
			name = Main.storyboard;
			sourceTree = "<group>";
		};
		01FD44D7180FC41400658E68 /* InfoPlist.strings */ = {
			isa = PBXVariantGroup;
			children = (
				01FD44D8180FC41400658E68 /* en */,
			);
			name = InfoPlist.strings;
			sourceTree = "<group>";
		};
/* End PBXVariantGroup section */

/* Begin XCBuildConfiguration section */
		01FD44DC180FC41400658E68 /* Debug */ = {
			isa = XCBuildConfiguration;
			buildSettings = {
				ALWAYS_SEARCH_USER_PATHS = NO;
				ARCHS = "$(ARCHS_STANDARD_INCLUDING_64_BIT)";
				CLANG_CXX_LANGUAGE_STANDARD = "gnu++0x";
				CLANG_CXX_LIBRARY = "libc++";
				CLANG_ENABLE_MODULES = YES;
				CLANG_ENABLE_OBJC_ARC = YES;
				CLANG_WARN_BOOL_CONVERSION = YES;
				CLANG_WARN_CONSTANT_CONVERSION = YES;
				CLANG_WARN_DIRECT_OBJC_ISA_USAGE = YES_ERROR;
				CLANG_WARN_EMPTY_BODY = YES;
				CLANG_WARN_ENUM_CONVERSION = YES;
				CLANG_WARN_INT_CONVERSION = YES;
				CLANG_WARN_OBJC_ROOT_CLASS = YES_ERROR;
				CLANG_WARN__DUPLICATE_METHOD_MATCH = YES;
				"CODE_SIGN_IDENTITY[sdk=iphoneos*]" = "iPhone Developer";
				COPY_PHASE_STRIP = NO;
				GCC_C_LANGUAGE_STANDARD = gnu99;
				GCC_DYNAMIC_NO_PIC = NO;
				GCC_OPTIMIZATION_LEVEL = 0;
				GCC_PREPROCESSOR_DEFINITIONS = (
					"DEBUG=1",
					"$(inherited)",
				);
				GCC_SYMBOLS_PRIVATE_EXTERN = NO;
				GCC_WARN_64_TO_32_BIT_CONVERSION = YES;
				GCC_WARN_ABOUT_RETURN_TYPE = YES_ERROR;
				GCC_WARN_UNDECLARED_SELECTOR = YES;
				GCC_WARN_UNINITIALIZED_AUTOS = YES;
				GCC_WARN_UNUSED_FUNCTION = YES;
				GCC_WARN_UNUSED_VARIABLE = YES;
				IPHONEOS_DEPLOYMENT_TARGET = 7.0;
				ONLY_ACTIVE_ARCH = YES;
				SDKROOT = iphoneos;
			};
			name = Debug;
		};
		01FD44DD180FC41400658E68 /* Release */ = {
			isa = XCBuildConfiguration;
			buildSettings = {
				ALWAYS_SEARCH_USER_PATHS = NO;
				ARCHS = "$(ARCHS_STANDARD_INCLUDING_64_BIT)";
				CLANG_CXX_LANGUAGE_STANDARD = "gnu++0x";
				CLANG_CXX_LIBRARY = "libc++";
				CLANG_ENABLE_MODULES = YES;
				CLANG_ENABLE_OBJC_ARC = YES;
				CLANG_WARN_BOOL_CONVERSION = YES;
				CLANG_WARN_CONSTANT_CONVERSION = YES;
				CLANG_WARN_DIRECT_OBJC_ISA_USAGE = YES_ERROR;
				CLANG_WARN_EMPTY_BODY = YES;
				CLANG_WARN_ENUM_CONVERSION = YES;
				CLANG_WARN_INT_CONVERSION = YES;
				CLANG_WARN_OBJC_ROOT_CLASS = YES_ERROR;
				CLANG_WARN__DUPLICATE_METHOD_MATCH = YES;
				"CODE_SIGN_IDENTITY[sdk=iphoneos*]" = "iPhone Developer";
				COPY_PHASE_STRIP = YES;
				ENABLE_NS_ASSERTIONS = NO;
				GCC_C_LANGUAGE_STANDARD = gnu99;
				GCC_WARN_64_TO_32_BIT_CONVERSION = YES;
				GCC_WARN_ABOUT_RETURN_TYPE = YES_ERROR;
				GCC_WARN_UNDECLARED_SELECTOR = YES;
				GCC_WARN_UNINITIALIZED_AUTOS = YES;
				GCC_WARN_UNUSED_FUNCTION = YES;
				GCC_WARN_UNUSED_VARIABLE = YES;
				IPHONEOS_DEPLOYMENT_TARGET = 7.0;
				SDKROOT = iphoneos;
				VALIDATE_PRODUCT = YES;
			};
			name = Release;
		};
		01FD44DF180FC41400658E68 /* Debug */ = {
			isa = XCBuildConfiguration;
			buildSettings = {
				ASSETCATALOG_COMPILER_APPICON_NAME = AppIcon;
				ASSETCATALOG_COMPILER_LAUNCHIMAGE_NAME = LaunchImage;
				GCC_PRECOMPILE_PREFIX_HEADER = YES;
				GCC_PREFIX_HEADER = "Normal_Calculator/Normal_Calculator-Prefix.pch";
				INFOPLIST_FILE = "Normal_Calculator/Normal_Calculator-Info.plist";
				PRODUCT_NAME = "$(TARGET_NAME)";
				WRAPPER_EXTENSION = app;
			};
			name = Debug;
		};
		01FD44E0180FC41400658E68 /* Release */ = {
			isa = XCBuildConfiguration;
			buildSettings = {
				ASSETCATALOG_COMPILER_APPICON_NAME = AppIcon;
				ASSETCATALOG_COMPILER_LAUNCHIMAGE_NAME = LaunchImage;
				GCC_PRECOMPILE_PREFIX_HEADER = YES;
				GCC_PREFIX_HEADER = "Normal_Calculator/Normal_Calculator-Prefix.pch";
				INFOPLIST_FILE = "Normal_Calculator/Normal_Calculator-Info.plist";
				PRODUCT_NAME = "$(TARGET_NAME)";
				WRAPPER_EXTENSION = app;
			};
			name = Release;
		};
		01FD44E2180FC41400658E68 /* Debug */ = {
			isa = XCBuildConfiguration;
			buildSettings = {
				ARCHS = "$(ARCHS_STANDARD_INCLUDING_64_BIT)";
				BUNDLE_LOADER = "$(BUILT_PRODUCTS_DIR)/Normal_Calculator.app/Normal_Calculator";
				FRAMEWORK_SEARCH_PATHS = (
					"$(SDKROOT)/Developer/Library/Frameworks",
					"$(inherited)",
					"$(DEVELOPER_FRAMEWORKS_DIR)",
				);
				GCC_PRECOMPILE_PREFIX_HEADER = YES;
				GCC_PREFIX_HEADER = "Normal_Calculator/Normal_Calculator-Prefix.pch";
				GCC_PREPROCESSOR_DEFINITIONS = (
					"DEBUG=1",
					"$(inherited)",
				);
				INFOPLIST_FILE = "Normal_CalculatorTests/Normal_CalculatorTests-Info.plist";
				PRODUCT_NAME = "$(TARGET_NAME)";
				TEST_HOST = "$(BUNDLE_LOADER)";
				WRAPPER_EXTENSION = xctest;
			};
			name = Debug;
		};
		01FD44E3180FC41400658E68 /* Release */ = {
			isa = XCBuildConfiguration;
			buildSettings = {
				ARCHS = "$(ARCHS_STANDARD_INCLUDING_64_BIT)";
				BUNDLE_LOADER = "$(BUILT_PRODUCTS_DIR)/Normal_Calculator.app/Normal_Calculator";
				FRAMEWORK_SEARCH_PATHS = (
					"$(SDKROOT)/Developer/Library/Frameworks",
					"$(inherited)",
					"$(DEVELOPER_FRAMEWORKS_DIR)",
				);
				GCC_PRECOMPILE_PREFIX_HEADER = YES;
				GCC_PREFIX_HEADER = "Normal_Calculator/Normal_Calculator-Prefix.pch";
				INFOPLIST_FILE = "Normal_CalculatorTests/Normal_CalculatorTests-Info.plist";
				PRODUCT_NAME = "$(TARGET_NAME)";
				TEST_HOST = "$(BUNDLE_LOADER)";
				WRAPPER_EXTENSION = xctest;
			};
			name = Release;
		};
/* End XCBuildConfiguration section */

/* Begin XCConfigurationList section */
		01FD44A7180FC41300658E68 /* Build configuration list for PBXProject "Normal_Calculator" */ = {
			isa = XCConfigurationList;
			buildConfigurations = (
				01FD44DC180FC41400658E68 /* Debug */,
				01FD44DD180FC41400658E68 /* Release */,
			);
			defaultConfigurationIsVisible = 0;
			defaultConfigurationName = Release;
		};
		01FD44DE180FC41400658E68 /* Build configuration list for PBXNativeTarget "Normal_Calculator" */ = {
			isa = XCConfigurationList;
			buildConfigurations = (
				01FD44DF180FC41400658E68 /* Debug */,
				01FD44E0180FC41400658E68 /* Release */,
			);
			defaultConfigurationIsVisible = 0;
		};
		01FD44E1180FC41400658E68 /* Build configuration list for PBXNativeTarget "Normal_CalculatorTests" */ = {
			isa = XCConfigurationList;
			buildConfigurations = (
				01FD44E2180FC41400658E68 /* Debug */,
				01FD44E3180FC41400658E68 /* Release */,
			);
			defaultConfigurationIsVisible = 0;
		};
/* End XCConfigurationList section */
	};
	rootObject = 01FD44A4180FC41300658E68 /* Project object */;
}
